
Microsoft Visual Studio Solution File, Format Version 12.00
# Visual Studio 2012
Project("{FAE04EC0-301F-11D3-BF4B-00C04F79EFBC}") = "crookStudio", "crookStudio.csproj", "{EB815B57-1245-4E15-9A4D-10C1391D3897}"
EndProject
Global
	GlobalSection(SolutionConfigurationPlatforms) = preSolution
		Debug|Any CPU = Debug|Any CPU
		Release|Any CPU = Release|Any CPU
	EndGlobalSection
	GlobalSection(ProjectConfigurationPlatforms) = postSolution
		{EB815B57-1245-4E15-9A4D-10C1391D3897}.Debug|Any CPU.ActiveCfg = Debug|Any CPU
		{EB815B57-1245-4E15-9A4D-10C1391D3897}.Debug|Any CPU.Build.0 = Debug|Any CPU
		{EB815B57-1245-4E15-9A4D-10C1391D3897}.Release|Any CPU.ActiveCfg = Release|Any CPU
		{EB815B57-1245-4E15-9A4D-10C1391D3897}.Release|Any CPU.Build.0 = Release|Any CPU
	EndGlobalSection
	GlobalSection(SolutionProperties) = preSolution
		HideSolutionNode = FALSE
	EndGlobalSection
EndGlobal
